
Microsoft Visual Studio Solution File, Format Version 12.00
# Visual Studio Version 16
VisualStudioVersion = 16.0.29709.97
MinimumVisualStudioVersion = 10.0.40219.1
Project("{FAE04EC0-301F-11D3-BF4B-00C04F79EFBC}") = "LogUploader", "LogUploader\LogUploader.csproj", "{08AB4261-45D3-4E20-9F95-6BC1FACE33EC}"
EndProject
Project("{FAE04EC0-301F-11D3-BF4B-00C04F79EFBC}") = "LogUploaderTests", "LogUploaderTests\LogUploaderTests.csproj", "{0C28D6C4-1346-4A45-8983-6A50E49C6ADC}"
EndProject
Project("{54435603-DBB4-11D2-8724-00A0C9A8B90C}") = "LogUploaderSetup", "LogUploaderSetup\LogUploaderSetup.vdproj", "{15CC8DE7-9A0F-4B04-8FFA-8DB2DBB5238A}"
EndProject
Project("{FAE04EC0-301F-11D3-BF4B-00C04F79EFBC}") = "InstallerPackager", "InstallerPackager\InstallerPackager.csproj", "{E8559EB8-54E7-4377-9FAE-B2052DD47E99}"
	ProjectSection(ProjectDependencies) = postProject
		{15CC8DE7-9A0F-4B04-8FFA-8DB2DBB5238A} = {15CC8DE7-9A0F-4B04-8FFA-8DB2DBB5238A}
	EndProjectSection
EndProject
Project("{2150E333-8FDC-42A3-9474-1A3956D46DE8}") = "Solution Items", "Solution Items", "{EDC181C4-5566-4C54-93C2-9D6F8822F869}"
	ProjectSection(SolutionItems) = preProject
		README.md = README.md
		ReleaseNotes.md = ReleaseNotes.md
	EndProjectSection
EndProject
Project("{FAE04EC0-301F-11D3-BF4B-00C04F79EFBC}") = "LogUploader.Data", "LogUploader.Data\LogUploader.Data.csproj", "{723B2A2C-9972-4351-B8F8-0B67A04CFDC1}"
EndProject
Project("{FAE04EC0-301F-11D3-BF4B-00C04F79EFBC}") = "LogUploader.GUI", "LogUploader.GUI\LogUploader.GUI.csproj", "{1E91A43E-FBB6-4B9B-B53B-3823BE0FC92A}"
EndProject
Project("{2150E333-8FDC-42A3-9474-1A3956D46DE8}") = "Tools", "Tools", "{0FF4543F-3DC6-47B8-851A-5CE77D2A38D4}"
EndProject
Project("{FAE04EC0-301F-11D3-BF4B-00C04F79EFBC}") = "LogUploader.Tools.Discord", "LogUploader.Tools.Discord\LogUploader.Tools.Discord.csproj", "{FF738ADB-F7D2-4589-A539-B158767D1647}"
EndProject
Project("{FAE04EC0-301F-11D3-BF4B-00C04F79EFBC}") = "LogUploader.Tools.RaidOrgaPlus", "LogUploader.Tools.RaidOrgaPlus\LogUploader.Tools.RaidOrgaPlus.csproj", "{23C7A472-40D7-4242-BCC7-7E9928F21868}"
EndProject
Project("{FAE04EC0-301F-11D3-BF4B-00C04F79EFBC}") = "LogUploader.Tools.DpsReport", "LogUploader.Tools.DpsReport\LogUploader.Tools.DpsReport.csproj", "{E345AC7D-7406-4AEC-B9C0-6992EAC13DFA}"
EndProject
Project("{FAE04EC0-301F-11D3-BF4B-00C04F79EFBC}") = "LogUploader.Tools.EliteInsights", "LogUploader.Tools.EliteInsights\LogUploader.Tools.EliteInsights.csproj", "{01846398-0D9F-4F34-8705-1AB5E0799AD0}"
EndProject
Project("{FAE04EC0-301F-11D3-BF4B-00C04F79EFBC}") = "LogUploader.Localisation", "LogUploader.Localisation\LogUploader.Localisation.csproj", "{0A993A3E-B632-4AF6-A981-1E40DB6FE5FE}"
EndProject
Project("{FAE04EC0-301F-11D3-BF4B-00C04F79EFBC}") = "LogUploader.Tools.Database", "LogUploader.Tools.Database\LogUploader.Tools.Database.csproj", "{DCEB6DB7-C9E4-44CC-B8AC-8FC01B96BAB6}"
EndProject
Project("{FAE04EC0-301F-11D3-BF4B-00C04F79EFBC}") = "LogUploader.Tools.Logger", "LogUploader.Tools.Logger\LogUploader.Tools.Logger.csproj", "{69300452-4544-42BB-B283-1D46AD792843}"
EndProject
Project("{FAE04EC0-301F-11D3-BF4B-00C04F79EFBC}") = "LogUploader.Tools.Settings", "LogUploaderTools.Settings\LogUploader.Tools.Settings.csproj", "{295ADD42-DC29-4716-A241-6B813BE6EB69}"
EndProject
Project("{FAE04EC0-301F-11D3-BF4B-00C04F79EFBC}") = "LogUploader.Interfaces", "LogUploader.Interfaces\LogUploader.Interfaces.csproj", "{614BC53C-0C82-4731-8A50-3B003B77F892}"
EndProject
Project("{FAE04EC0-301F-11D3-BF4B-00C04F79EFBC}") = "LogUploader.Tools", "LogUploader.Tools\LogUploader.Tools.csproj", "{F6548FF0-B30F-40A4-B8AA-A277D7B6C425}"
EndProject
Global
	GlobalSection(SolutionConfigurationPlatforms) = preSolution
		AlphaRelease|Any CPU = AlphaRelease|Any CPU
		BetaRelease|Any CPU = BetaRelease|Any CPU
		CreateLanguageXMLs|Any CPU = CreateLanguageXMLs|Any CPU
		Debug|Any CPU = Debug|Any CPU
		Release|Any CPU = Release|Any CPU
	EndGlobalSection
	GlobalSection(ProjectConfigurationPlatforms) = postSolution
		{08AB4261-45D3-4E20-9F95-6BC1FACE33EC}.AlphaRelease|Any CPU.ActiveCfg = AlphaRelease|Any CPU
		{08AB4261-45D3-4E20-9F95-6BC1FACE33EC}.AlphaRelease|Any CPU.Build.0 = AlphaRelease|Any CPU
		{08AB4261-45D3-4E20-9F95-6BC1FACE33EC}.BetaRelease|Any CPU.ActiveCfg = BetaRelease|Any CPU
		{08AB4261-45D3-4E20-9F95-6BC1FACE33EC}.BetaRelease|Any CPU.Build.0 = BetaRelease|Any CPU
		{08AB4261-45D3-4E20-9F95-6BC1FACE33EC}.CreateLanguageXMLs|Any CPU.ActiveCfg = CreateLanguageXMLs|Any CPU
		{08AB4261-45D3-4E20-9F95-6BC1FACE33EC}.CreateLanguageXMLs|Any CPU.Build.0 = CreateLanguageXMLs|Any CPU
		{08AB4261-45D3-4E20-9F95-6BC1FACE33EC}.Debug|Any CPU.ActiveCfg = Debug|Any CPU
		{08AB4261-45D3-4E20-9F95-6BC1FACE33EC}.Debug|Any CPU.Build.0 = Debug|Any CPU
		{08AB4261-45D3-4E20-9F95-6BC1FACE33EC}.Release|Any CPU.ActiveCfg = Release|Any CPU
		{08AB4261-45D3-4E20-9F95-6BC1FACE33EC}.Release|Any CPU.Build.0 = Release|Any CPU
		{0C28D6C4-1346-4A45-8983-6A50E49C6ADC}.AlphaRelease|Any CPU.ActiveCfg = AlphaRelease|Any CPU
		{0C28D6C4-1346-4A45-8983-6A50E49C6ADC}.BetaRelease|Any CPU.ActiveCfg = BetaRelease|Any CPU
		{0C28D6C4-1346-4A45-8983-6A50E49C6ADC}.CreateLanguageXMLs|Any CPU.ActiveCfg = CreateLanguageXMLs|Any CPU
		{0C28D6C4-1346-4A45-8983-6A50E49C6ADC}.Debug|Any CPU.ActiveCfg = Debug|Any CPU
		{0C28D6C4-1346-4A45-8983-6A50E49C6ADC}.Release|Any CPU.ActiveCfg = Release|Any CPU
		{15CC8DE7-9A0F-4B04-8FFA-8DB2DBB5238A}.AlphaRelease|Any CPU.ActiveCfg = AlphaRelease
		{15CC8DE7-9A0F-4B04-8FFA-8DB2DBB5238A}.AlphaRelease|Any CPU.Build.0 = AlphaRelease
		{15CC8DE7-9A0F-4B04-8FFA-8DB2DBB5238A}.BetaRelease|Any CPU.ActiveCfg = BetaRelease
		{15CC8DE7-9A0F-4B04-8FFA-8DB2DBB5238A}.BetaRelease|Any CPU.Build.0 = BetaRelease
		{15CC8DE7-9A0F-4B04-8FFA-8DB2DBB5238A}.CreateLanguageXMLs|Any CPU.ActiveCfg = CreateLanguageXMLs
		{15CC8DE7-9A0F-4B04-8FFA-8DB2DBB5238A}.Debug|Any CPU.ActiveCfg = Debug
		{15CC8DE7-9A0F-4B04-8FFA-8DB2DBB5238A}.Release|Any CPU.ActiveCfg = Release
		{15CC8DE7-9A0F-4B04-8FFA-8DB2DBB5238A}.Release|Any CPU.Build.0 = Release
		{E8559EB8-54E7-4377-9FAE-B2052DD47E99}.AlphaRelease|Any CPU.ActiveCfg = AlphaRelease|Any CPU
		{E8559EB8-54E7-4377-9FAE-B2052DD47E99}.AlphaRelease|Any CPU.Build.0 = AlphaRelease|Any CPU
		{E8559EB8-54E7-4377-9FAE-B2052DD47E99}.BetaRelease|Any CPU.ActiveCfg = BetaRelease|Any CPU
		{E8559EB8-54E7-4377-9FAE-B2052DD47E99}.BetaRelease|Any CPU.Build.0 = BetaRelease|Any CPU
		{E8559EB8-54E7-4377-9FAE-B2052DD47E99}.CreateLanguageXMLs|Any CPU.ActiveCfg = Debug|Any CPU
		{E8559EB8-54E7-4377-9FAE-B2052DD47E99}.Debug|Any CPU.ActiveCfg = Debug|Any CPU
		{E8559EB8-54E7-4377-9FAE-B2052DD47E99}.Release|Any CPU.ActiveCfg = Release|Any CPU
		{E8559EB8-54E7-4377-9FAE-B2052DD47E99}.Release|Any CPU.Build.0 = Release|Any CPU
		{723B2A2C-9972-4351-B8F8-0B67A04CFDC1}.AlphaRelease|Any CPU.ActiveCfg = Release|Any CPU
		{723B2A2C-9972-4351-B8F8-0B67A04CFDC1}.AlphaRelease|Any CPU.Build.0 = Release|Any CPU
		{723B2A2C-9972-4351-B8F8-0B67A04CFDC1}.BetaRelease|Any CPU.ActiveCfg = Release|Any CPU
		{723B2A2C-9972-4351-B8F8-0B67A04CFDC1}.BetaRelease|Any CPU.Build.0 = Release|Any CPU
		{723B2A2C-9972-4351-B8F8-0B67A04CFDC1}.CreateLanguageXMLs|Any CPU.ActiveCfg = Debug|Any CPU
		{723B2A2C-9972-4351-B8F8-0B67A04CFDC1}.CreateLanguageXMLs|Any CPU.Build.0 = Debug|Any CPU
		{723B2A2C-9972-4351-B8F8-0B67A04CFDC1}.Debug|Any CPU.ActiveCfg = Debug|Any CPU
		{723B2A2C-9972-4351-B8F8-0B67A04CFDC1}.Debug|Any CPU.Build.0 = Debug|Any CPU
		{723B2A2C-9972-4351-B8F8-0B67A04CFDC1}.Release|Any CPU.ActiveCfg = Release|Any CPU
		{723B2A2C-9972-4351-B8F8-0B67A04CFDC1}.Release|Any CPU.Build.0 = Release|Any CPU
		{1E91A43E-FBB6-4B9B-B53B-3823BE0FC92A}.AlphaRelease|Any CPU.ActiveCfg = Release|Any CPU
		{1E91A43E-FBB6-4B9B-B53B-3823BE0FC92A}.AlphaRelease|Any CPU.Build.0 = Release|Any CPU
		{1E91A43E-FBB6-4B9B-B53B-3823BE0FC92A}.BetaRelease|Any CPU.ActiveCfg = Release|Any CPU
		{1E91A43E-FBB6-4B9B-B53B-3823BE0FC92A}.BetaRelease|Any CPU.Build.0 = Release|Any CPU
		{1E91A43E-FBB6-4B9B-B53B-3823BE0FC92A}.CreateLanguageXMLs|Any CPU.ActiveCfg = Debug|Any CPU
		{1E91A43E-FBB6-4B9B-B53B-3823BE0FC92A}.CreateLanguageXMLs|Any CPU.Build.0 = Debug|Any CPU
		{1E91A43E-FBB6-4B9B-B53B-3823BE0FC92A}.Debug|Any CPU.ActiveCfg = Debug|Any CPU
		{1E91A43E-FBB6-4B9B-B53B-3823BE0FC92A}.Debug|Any CPU.Build.0 = Debug|Any CPU
		{1E91A43E-FBB6-4B9B-B53B-3823BE0FC92A}.Release|Any CPU.ActiveCfg = Release|Any CPU
		{1E91A43E-FBB6-4B9B-B53B-3823BE0FC92A}.Release|Any CPU.Build.0 = Release|Any CPU
		{FF738ADB-F7D2-4589-A539-B158767D1647}.AlphaRelease|Any CPU.ActiveCfg = Release|Any CPU
		{FF738ADB-F7D2-4589-A539-B158767D1647}.AlphaRelease|Any CPU.Build.0 = Release|Any CPU
		{FF738ADB-F7D2-4589-A539-B158767D1647}.BetaRelease|Any CPU.ActiveCfg = Release|Any CPU
		{FF738ADB-F7D2-4589-A539-B158767D1647}.BetaRelease|Any CPU.Build.0 = Release|Any CPU
		{FF738ADB-F7D2-4589-A539-B158767D1647}.CreateLanguageXMLs|Any CPU.ActiveCfg = Debug|Any CPU
		{FF738ADB-F7D2-4589-A539-B158767D1647}.CreateLanguageXMLs|Any CPU.Build.0 = Debug|Any CPU
		{FF738ADB-F7D2-4589-A539-B158767D1647}.Debug|Any CPU.ActiveCfg = Debug|Any CPU
		{FF738ADB-F7D2-4589-A539-B158767D1647}.Debug|Any CPU.Build.0 = Debug|Any CPU
		{FF738ADB-F7D2-4589-A539-B158767D1647}.Release|Any CPU.ActiveCfg = Release|Any CPU
		{FF738ADB-F7D2-4589-A539-B158767D1647}.Release|Any CPU.Build.0 = Release|Any CPU
		{23C7A472-40D7-4242-BCC7-7E9928F21868}.AlphaRelease|Any CPU.ActiveCfg = Release|Any CPU
		{23C7A472-40D7-4242-BCC7-7E9928F21868}.AlphaRelease|Any CPU.Build.0 = Release|Any CPU
		{23C7A472-40D7-4242-BCC7-7E9928F21868}.BetaRelease|Any CPU.ActiveCfg = Release|Any CPU
		{23C7A472-40D7-4242-BCC7-7E9928F21868}.BetaRelease|Any CPU.Build.0 = Release|Any CPU
		{23C7A472-40D7-4242-BCC7-7E9928F21868}.CreateLanguageXMLs|Any CPU.ActiveCfg = Debug|Any CPU
		{23C7A472-40D7-4242-BCC7-7E9928F21868}.CreateLanguageXMLs|Any CPU.Build.0 = Debug|Any CPU
		{23C7A472-40D7-4242-BCC7-7E9928F21868}.Debug|Any CPU.ActiveCfg = Debug|Any CPU
		{23C7A472-40D7-4242-BCC7-7E9928F21868}.Debug|Any CPU.Build.0 = Debug|Any CPU
		{23C7A472-40D7-4242-BCC7-7E9928F21868}.Release|Any CPU.ActiveCfg = Release|Any CPU
		{23C7A472-40D7-4242-BCC7-7E9928F21868}.Release|Any CPU.Build.0 = Release|Any CPU
		{E345AC7D-7406-4AEC-B9C0-6992EAC13DFA}.AlphaRelease|Any CPU.ActiveCfg = Release|Any CPU
		{E345AC7D-7406-4AEC-B9C0-6992EAC13DFA}.AlphaRelease|Any CPU.Build.0 = Release|Any CPU
		{E345AC7D-7406-4AEC-B9C0-6992EAC13DFA}.BetaRelease|Any CPU.ActiveCfg = Release|Any CPU
		{E345AC7D-7406-4AEC-B9C0-6992EAC13DFA}.BetaRelease|Any CPU.Build.0 = Release|Any CPU
		{E345AC7D-7406-4AEC-B9C0-6992EAC13DFA}.CreateLanguageXMLs|Any CPU.ActiveCfg = Debug|Any CPU
		{E345AC7D-7406-4AEC-B9C0-6992EAC13DFA}.CreateLanguageXMLs|Any CPU.Build.0 = Debug|Any CPU
		{E345AC7D-7406-4AEC-B9C0-6992EAC13DFA}.Debug|Any CPU.ActiveCfg = Debug|Any CPU
		{E345AC7D-7406-4AEC-B9C0-6992EAC13DFA}.Debug|Any CPU.Build.0 = Debug|Any CPU
		{E345AC7D-7406-4AEC-B9C0-6992EAC13DFA}.Release|Any CPU.ActiveCfg = Release|Any CPU
		{E345AC7D-7406-4AEC-B9C0-6992EAC13DFA}.Release|Any CPU.Build.0 = Release|Any CPU
		{01846398-0D9F-4F34-8705-1AB5E0799AD0}.AlphaRelease|Any CPU.ActiveCfg = Release|Any CPU
		{01846398-0D9F-4F34-8705-1AB5E0799AD0}.AlphaRelease|Any CPU.Build.0 = Release|Any CPU
		{01846398-0D9F-4F34-8705-1AB5E0799AD0}.BetaRelease|Any CPU.ActiveCfg = Release|Any CPU
		{01846398-0D9F-4F34-8705-1AB5E0799AD0}.BetaRelease|Any CPU.Build.0 = Release|Any CPU
		{01846398-0D9F-4F34-8705-1AB5E0799AD0}.CreateLanguageXMLs|Any CPU.ActiveCfg = Debug|Any CPU
		{01846398-0D9F-4F34-8705-1AB5E0799AD0}.CreateLanguageXMLs|Any CPU.Build.0 = Debug|Any CPU
		{01846398-0D9F-4F34-8705-1AB5E0799AD0}.Debug|Any CPU.ActiveCfg = Debug|Any CPU
		{01846398-0D9F-4F34-8705-1AB5E0799AD0}.Debug|Any CPU.Build.0 = Debug|Any CPU
		{01846398-0D9F-4F34-8705-1AB5E0799AD0}.Release|Any CPU.ActiveCfg = Release|Any CPU
		{01846398-0D9F-4F34-8705-1AB5E0799AD0}.Release|Any CPU.Build.0 = Release|Any CPU
		{0A993A3E-B632-4AF6-A981-1E40DB6FE5FE}.AlphaRelease|Any CPU.ActiveCfg = Release|Any CPU
		{0A993A3E-B632-4AF6-A981-1E40DB6FE5FE}.AlphaRelease|Any CPU.Build.0 = Release|Any CPU
		{0A993A3E-B632-4AF6-A981-1E40DB6FE5FE}.BetaRelease|Any CPU.ActiveCfg = Release|Any CPU
		{0A993A3E-B632-4AF6-A981-1E40DB6FE5FE}.BetaRelease|Any CPU.Build.0 = Release|Any CPU
		{0A993A3E-B632-4AF6-A981-1E40DB6FE5FE}.CreateLanguageXMLs|Any CPU.ActiveCfg = CreateLanguageXMLs|Any CPU
		{0A993A3E-B632-4AF6-A981-1E40DB6FE5FE}.CreateLanguageXMLs|Any CPU.Build.0 = CreateLanguageXMLs|Any CPU
		{0A993A3E-B632-4AF6-A981-1E40DB6FE5FE}.Debug|Any CPU.ActiveCfg = Debug|Any CPU
		{0A993A3E-B632-4AF6-A981-1E40DB6FE5FE}.Debug|Any CPU.Build.0 = Debug|Any CPU
		{0A993A3E-B632-4AF6-A981-1E40DB6FE5FE}.Release|Any CPU.ActiveCfg = Release|Any CPU
		{0A993A3E-B632-4AF6-A981-1E40DB6FE5FE}.Release|Any CPU.Build.0 = Release|Any CPU
		{DCEB6DB7-C9E4-44CC-B8AC-8FC01B96BAB6}.AlphaRelease|Any CPU.ActiveCfg = Release|Any CPU
		{DCEB6DB7-C9E4-44CC-B8AC-8FC01B96BAB6}.AlphaRelease|Any CPU.Build.0 = Release|Any CPU
		{DCEB6DB7-C9E4-44CC-B8AC-8FC01B96BAB6}.BetaRelease|Any CPU.ActiveCfg = Release|Any CPU
		{DCEB6DB7-C9E4-44CC-B8AC-8FC01B96BAB6}.BetaRelease|Any CPU.Build.0 = Release|Any CPU
		{DCEB6DB7-C9E4-44CC-B8AC-8FC01B96BAB6}.CreateLanguageXMLs|Any CPU.ActiveCfg = Debug|Any CPU
		{DCEB6DB7-C9E4-44CC-B8AC-8FC01B96BAB6}.CreateLanguageXMLs|Any CPU.Build.0 = Debug|Any CPU
		{DCEB6DB7-C9E4-44CC-B8AC-8FC01B96BAB6}.Debug|Any CPU.ActiveCfg = Debug|Any CPU
		{DCEB6DB7-C9E4-44CC-B8AC-8FC01B96BAB6}.Debug|Any CPU.Build.0 = Debug|Any CPU
		{DCEB6DB7-C9E4-44CC-B8AC-8FC01B96BAB6}.Release|Any CPU.ActiveCfg = Release|Any CPU
		{DCEB6DB7-C9E4-44CC-B8AC-8FC01B96BAB6}.Release|Any CPU.Build.0 = Release|Any CPU
		{69300452-4544-42BB-B283-1D46AD792843}.AlphaRelease|Any CPU.ActiveCfg = Release|Any CPU
		{69300452-4544-42BB-B283-1D46AD792843}.AlphaRelease|Any CPU.Build.0 = Release|Any CPU
		{69300452-4544-42BB-B283-1D46AD792843}.BetaRelease|Any CPU.ActiveCfg = Release|Any CPU
		{69300452-4544-42BB-B283-1D46AD792843}.BetaRelease|Any CPU.Build.0 = Release|Any CPU
		{69300452-4544-42BB-B283-1D46AD792843}.CreateLanguageXMLs|Any CPU.ActiveCfg = Debug|Any CPU
		{69300452-4544-42BB-B283-1D46AD792843}.CreateLanguageXMLs|Any CPU.Build.0 = Debug|Any CPU
		{69300452-4544-42BB-B283-1D46AD792843}.Debug|Any CPU.ActiveCfg = Debug|Any CPU
		{69300452-4544-42BB-B283-1D46AD792843}.Debug|Any CPU.Build.0 = Debug|Any CPU
		{69300452-4544-42BB-B283-1D46AD792843}.Release|Any CPU.ActiveCfg = Release|Any CPU
		{69300452-4544-42BB-B283-1D46AD792843}.Release|Any CPU.Build.0 = Release|Any CPU
		{295ADD42-DC29-4716-A241-6B813BE6EB69}.AlphaRelease|Any CPU.ActiveCfg = Release|Any CPU
		{295ADD42-DC29-4716-A241-6B813BE6EB69}.AlphaRelease|Any CPU.Build.0 = Release|Any CPU
		{295ADD42-DC29-4716-A241-6B813BE6EB69}.BetaRelease|Any CPU.ActiveCfg = Release|Any CPU
		{295ADD42-DC29-4716-A241-6B813BE6EB69}.BetaRelease|Any CPU.Build.0 = Release|Any CPU
		{295ADD42-DC29-4716-A241-6B813BE6EB69}.CreateLanguageXMLs|Any CPU.ActiveCfg = Debug|Any CPU
		{295ADD42-DC29-4716-A241-6B813BE6EB69}.CreateLanguageXMLs|Any CPU.Build.0 = Debug|Any CPU
		{295ADD42-DC29-4716-A241-6B813BE6EB69}.Debug|Any CPU.ActiveCfg = Debug|Any CPU
		{295ADD42-DC29-4716-A241-6B813BE6EB69}.Debug|Any CPU.Build.0 = Debug|Any CPU
		{295ADD42-DC29-4716-A241-6B813BE6EB69}.Release|Any CPU.ActiveCfg = Release|Any CPU
		{295ADD42-DC29-4716-A241-6B813BE6EB69}.Release|Any CPU.Build.0 = Release|Any CPU
		{614BC53C-0C82-4731-8A50-3B003B77F892}.AlphaRelease|Any CPU.ActiveCfg = Release|Any CPU
		{614BC53C-0C82-4731-8A50-3B003B77F892}.AlphaRelease|Any CPU.Build.0 = Release|Any CPU
		{614BC53C-0C82-4731-8A50-3B003B77F892}.BetaRelease|Any CPU.ActiveCfg = Release|Any CPU
		{614BC53C-0C82-4731-8A50-3B003B77F892}.BetaRelease|Any CPU.Build.0 = Release|Any CPU
		{614BC53C-0C82-4731-8A50-3B003B77F892}.CreateLanguageXMLs|Any CPU.ActiveCfg = Debug|Any CPU
		{614BC53C-0C82-4731-8A50-3B003B77F892}.CreateLanguageXMLs|Any CPU.Build.0 = Debug|Any CPU
		{614BC53C-0C82-4731-8A50-3B003B77F892}.Debug|Any CPU.ActiveCfg = Debug|Any CPU
		{614BC53C-0C82-4731-8A50-3B003B77F892}.Debug|Any CPU.Build.0 = Debug|Any CPU
		{614BC53C-0C82-4731-8A50-3B003B77F892}.Release|Any CPU.ActiveCfg = Release|Any CPU
		{614BC53C-0C82-4731-8A50-3B003B77F892}.Release|Any CPU.Build.0 = Release|Any CPU
		{F6548FF0-B30F-40A4-B8AA-A277D7B6C425}.AlphaRelease|Any CPU.ActiveCfg = Release|Any CPU
		{F6548FF0-B30F-40A4-B8AA-A277D7B6C425}.AlphaRelease|Any CPU.Build.0 = Release|Any CPU
		{F6548FF0-B30F-40A4-B8AA-A277D7B6C425}.BetaRelease|Any CPU.ActiveCfg = Release|Any CPU
		{F6548FF0-B30F-40A4-B8AA-A277D7B6C425}.BetaRelease|Any CPU.Build.0 = Release|Any CPU
		{F6548FF0-B30F-40A4-B8AA-A277D7B6C425}.CreateLanguageXMLs|Any CPU.ActiveCfg = Debug|Any CPU
		{F6548FF0-B30F-40A4-B8AA-A277D7B6C425}.CreateLanguageXMLs|Any CPU.Build.0 = Debug|Any CPU
		{F6548FF0-B30F-40A4-B8AA-A277D7B6C425}.Debug|Any CPU.ActiveCfg = Debug|Any CPU
		{F6548FF0-B30F-40A4-B8AA-A277D7B6C425}.Debug|Any CPU.Build.0 = Debug|Any CPU
		{F6548FF0-B30F-40A4-B8AA-A277D7B6C425}.Release|Any CPU.ActiveCfg = Release|Any CPU
		{F6548FF0-B30F-40A4-B8AA-A277D7B6C425}.Release|Any CPU.Build.0 = Release|Any CPU
	EndGlobalSection
	GlobalSection(SolutionProperties) = preSolution
		HideSolutionNode = FALSE
	EndGlobalSection
	GlobalSection(NestedProjects) = preSolution
		{FF738ADB-F7D2-4589-A539-B158767D1647} = {0FF4543F-3DC6-47B8-851A-5CE77D2A38D4}
		{23C7A472-40D7-4242-BCC7-7E9928F21868} = {0FF4543F-3DC6-47B8-851A-5CE77D2A38D4}
		{E345AC7D-7406-4AEC-B9C0-6992EAC13DFA} = {0FF4543F-3DC6-47B8-851A-5CE77D2A38D4}
		{01846398-0D9F-4F34-8705-1AB5E0799AD0} = {0FF4543F-3DC6-47B8-851A-5CE77D2A38D4}
		{DCEB6DB7-C9E4-44CC-B8AC-8FC01B96BAB6} = {0FF4543F-3DC6-47B8-851A-5CE77D2A38D4}
		{69300452-4544-42BB-B283-1D46AD792843} = {0FF4543F-3DC6-47B8-851A-5CE77D2A38D4}
		{295ADD42-DC29-4716-A241-6B813BE6EB69} = {0FF4543F-3DC6-47B8-851A-5CE77D2A38D4}
		{F6548FF0-B30F-40A4-B8AA-A277D7B6C425} = {0FF4543F-3DC6-47B8-851A-5CE77D2A38D4}
	EndGlobalSection
	GlobalSection(ExtensibilityGlobals) = postSolution
		SolutionGuid = {F9241493-D154-4488-ABFE-98589617931F}
	EndGlobalSection
EndGlobal
